{
  "version": "1.0",
  "dependencies": {
    "github.com/itsfuad/ferret-mod@v1": {
      "version": "v1",
      "direct": true,
      "description": "",
      "dependencies": [
        "github.com/itsfuad/ferret-remote-mod@v0.0.1"
      ],
      "used_by": []
    }
  },
  "generated_at": "2025-07-29T16:42:26+06:00"
}